
Microsoft Visual Studio Solution File, Format Version 11.00
# Visual Studio 2010
Project("{FAE04EC0-301F-11D3-BF4B-00C04F79EFBC}") = "computer game 1.0.4", "Assembly-CSharp.csproj", "{077EEEAB-C035-56CF-0359-1E38B9FD514D}"
EndProject
Global
	GlobalSection(SolutionConfigurationPlatforms) = preSolution
		Debug|Any CPU = Debug|Any CPU
		Release|Any CPU = Release|Any CPU
	EndGlobalSection
	GlobalSection(ProjectConfigurationPlatforms) = postSolution
		{077EEEAB-C035-56CF-0359-1E38B9FD514D}.Debug|Any CPU.ActiveCfg = Debug|Any CPU
		{077EEEAB-C035-56CF-0359-1E38B9FD514D}.Debug|Any CPU.Build.0 = Debug|Any CPU
		{077EEEAB-C035-56CF-0359-1E38B9FD514D}.Release|Any CPU.ActiveCfg = Release|Any CPU
		{077EEEAB-C035-56CF-0359-1E38B9FD514D}.Release|Any CPU.Build.0 = Release|Any CPU
	EndGlobalSection
	GlobalSection(SolutionProperties) = preSolution
		HideSolutionNode = FALSE
	EndGlobalSection
	GlobalSection(MonoDevelopProperties) = preSolution
		StartupItem = Assembly-CSharp.csproj
	EndGlobalSection
EndGlobal
